
Microsoft Visual Studio Solution File, Format Version 12.00
# Visual Studio Version 17
VisualStudioVersion = 17.10.34928.147
MinimumVisualStudioVersion = 10.0.40219.1
Project("{FAE04EC0-301F-11D3-BF4B-00C04F79EFBC}") = "OrderSystem", "OrderSystem\OrderSystem.csproj", "{C7566451-CE17-411B-AD9F-B3C69FB95683}"
EndProject
Global
	GlobalSection(SolutionConfigurationPlatforms) = preSolution
		Debug|Any CPU = Debug|Any CPU
		Release|Any CPU = Release|Any CPU
	EndGlobalSection
	GlobalSection(ProjectConfigurationPlatforms) = postSolution
		{C7566451-CE17-411B-AD9F-B3C69FB95683}.Debug|Any CPU.ActiveCfg = Debug|Any CPU
		{C7566451-CE17-411B-AD9F-B3C69FB95683}.Debug|Any CPU.Build.0 = Debug|Any CPU
		{C7566451-CE17-411B-AD9F-B3C69FB95683}.Release|Any CPU.ActiveCfg = Release|Any CPU
		{C7566451-CE17-411B-AD9F-B3C69FB95683}.Release|Any CPU.Build.0 = Release|Any CPU
	EndGlobalSection
	GlobalSection(SolutionProperties) = preSolution
		HideSolutionNode = FALSE
	EndGlobalSection
	GlobalSection(ExtensibilityGlobals) = postSolution
		SolutionGuid = {B1311895-A50D-4CB9-AD4C-4B264AE347F9}
	EndGlobalSection
EndGlobal
